{
  "name": "stream-audio-fingerprint",
  "version": "1.0.4",
  "lockfileVersion": 1,
  "requires": true,
  "dependencies": {
    "@types/node": {
      "version": "13.9.3",
      "resolved": "https://registry.npmjs.org/@types/node/-/node-13.9.3.tgz",
      "integrity": "sha512-01s+ac4qerwd6RHD+mVbOEsraDHSgUaefQlEdBbUolnQFjKwCr7luvAlEwW1RFojh67u0z4OUTjPn9LEl4zIkA=="
    },
    "dsp.js": {
      "version": "git+https://git@github.com/corbanbrook/dsp.js.git#c6144fcd75b65f72eac4791ab9f7268a814f44a8",
      "from": "git+https://git@github.com/corbanbrook/dsp.js.git"
    },
    "node-png": {
      "version": "0.4.3",
      "resolved": "https://registry.npmjs.org/node-png/-/node-png-0.4.3.tgz",
      "integrity": "sha1-RQIjeWuC08yg/+Sl1cf6l0hZdOc="
    },
    "typescript": {
      "version": "3.8.3",
      "resolved": "https://registry.npmjs.org/typescript/-/typescript-3.8.3.tgz",
      "integrity": "sha512-MYlEfn5VrLNsgudQTVJeNaQFUAI7DkhnOjdpAp4T+ku1TfQClewlbSuTVHiA+8skNBgaf02TL/kLOvig4y3G8w=="
    }
  }
}
