{
  "name": "stream-audio-fingerprint",
  "version": "1.0.4",
  "lockfileVersion": 1,
  "requires": true,
  "dependencies": {
    "dsp.js": {
      "version": "git+https://git@github.com/corbanbrook/dsp.js.git#c6144fcd75b65f72eac4791ab9f7268a814f44a8",
      "from": "git+https://git@github.com/corbanbrook/dsp.js.git"
    },
    "node-png": {
      "version": "0.4.3",
      "resolved": "https://registry.npmjs.org/node-png/-/node-png-0.4.3.tgz",
      "integrity": "sha1-RQIjeWuC08yg/+Sl1cf6l0hZdOc="
    }
  }
}
